
Microsoft Visual Studio Solution File, Format Version 12.00
# Visual Studio Version 17
VisualStudioVersion = 17.1.32210.238
MinimumVisualStudioVersion = 10.0.40219.1
Project("{9A19103F-16F7-4668-BE54-9A1E7A4F7556}") = "MinimalRestDemo", "MinimalRestDemo\MinimalRestDemo.csproj", "{26D52AFF-61A5-4541-B55F-CB773A4F76D1}"
EndProject
Global
	GlobalSection(SolutionConfigurationPlatforms) = preSolution
		Debug|Any CPU = Debug|Any CPU
		Release|Any CPU = Release|Any CPU
	EndGlobalSection
	GlobalSection(ProjectConfigurationPlatforms) = postSolution
		{26D52AFF-61A5-4541-B55F-CB773A4F76D1}.Debug|Any CPU.ActiveCfg = Debug|Any CPU
		{26D52AFF-61A5-4541-B55F-CB773A4F76D1}.Debug|Any CPU.Build.0 = Debug|Any CPU
		{26D52AFF-61A5-4541-B55F-CB773A4F76D1}.Release|Any CPU.ActiveCfg = Release|Any CPU
		{26D52AFF-61A5-4541-B55F-CB773A4F76D1}.Release|Any CPU.Build.0 = Release|Any CPU
	EndGlobalSection
	GlobalSection(SolutionProperties) = preSolution
		HideSolutionNode = FALSE
	EndGlobalSection
	GlobalSection(ExtensibilityGlobals) = postSolution
		SolutionGuid = {EAF8C5B8-CB5D-4EFF-81E5-DC9C72F1A5C8}
	EndGlobalSection
EndGlobal
